// !$*UTF8*$!
{
	archiveVersion = 1;
	classes = {
	};
	objectVersion = 50;
	objects = {

/* Begin PBXBuildFile section */
		D700A7AE23B4FC6200AB11B0 /* JSON.swift in Sources */ = {isa = PBXBuildFile; fileRef = D700A7AD23B4FC6200AB11B0 /* JSON.swift */; };
		D700A7B023B4FD7F00AB11B0 /* MapDataNetworkManager.swift in Sources */ = {isa = PBXBuildFile; fileRef = D700A7AF23B4FD7F00AB11B0 /* MapDataNetworkManager.swift */; };
		D700A7B523B8FBEC00AB11B0 /* RestaurantDetailViewController.swift in Sources */ = {isa = PBXBuildFile; fileRef = D700A7B423B8FBEC00AB11B0 /* RestaurantDetailViewController.swift */; };
		D70993032402E60C00F24DEB /* CoreDataStack.swift in Sources */ = {isa = PBXBuildFile; fileRef = D70993022402E60C00F24DEB /* CoreDataStack.swift */; };
		D70993062402EF2F00F24DEB /* PhotoCell.swift in Sources */ = {isa = PBXBuildFile; fileRef = D70993052402EF2F00F24DEB /* PhotoCell.swift */; };
		D70993082402EF4100F24DEB /* PhotosViewController.swift in Sources */ = {isa = PBXBuildFile; fileRef = D70993072402EF4100F24DEB /* PhotosViewController.swift */; };
		D709930B2403E42300F24DEB /* NoDataView.swift in Sources */ = {isa = PBXBuildFile; fileRef = D709930A2403E42300F24DEB /* NoDataView.swift */; };
		D709930D2403E5AE00F24DEB /* NoDataView.xib in Resources */ = {isa = PBXBuildFile; fileRef = D709930C2403E5AE00F24DEB /* NoDataView.xib */; };
		D709930F240BA22A00F24DEB /* ReviewDataNetworkManager.swift in Sources */ = {isa = PBXBuildFile; fileRef = D709930E240BA22A00F24DEB /* ReviewDataNetworkManager.swift */; };
		D7099311240C329900F24DEB /* Review+Extension.swift in Sources */ = {isa = PBXBuildFile; fileRef = D7099310240C329900F24DEB /* Review+Extension.swift */; };
		D70B50F323DC914100EDF66A /* LocationData.plist in Resources */ = {isa = PBXBuildFile; fileRef = D70B50F223DC914100EDF66A /* LocationData.plist */; };
		D71C39F323A6165D003B3839 /* EploreItem.swift in Sources */ = {isa = PBXBuildFile; fileRef = D71C39F223A6165D003B3839 /* EploreItem.swift */; };
		D71C39F523A61911003B3839 /* ExploreDataManager.swift in Sources */ = {isa = PBXBuildFile; fileRef = D71C39F423A61911003B3839 /* ExploreDataManager.swift */; };
		D71C39F723A61F48003B3839 /* ExploreCell.swift in Sources */ = {isa = PBXBuildFile; fileRef = D71C39F623A61F48003B3839 /* ExploreCell.swift */; };
		D71EB5EF23DD81580001852D /* ExploreHeaderView.swift in Sources */ = {isa = PBXBuildFile; fileRef = D71EB5EE23DD81580001852D /* ExploreHeaderView.swift */; };
		D71EB5F123F874470001852D /* NetworkConfiguration.swift in Sources */ = {isa = PBXBuildFile; fileRef = D71EB5F023F874470001852D /* NetworkConfiguration.swift */; };
		D71EB5F323F875440001852D /* HerokuNetworkConfiguration.swift in Sources */ = {isa = PBXBuildFile; fileRef = D71EB5F223F875440001852D /* HerokuNetworkConfiguration.swift */; };
		D71EB5F523F875C20001852D /* LocalNetworkConfiguration.swift in Sources */ = {isa = PBXBuildFile; fileRef = D71EB5F423F875C20001852D /* LocalNetworkConfiguration.swift */; };
		D71EB5FB23F91B170001852D /* RestaurantDataSourceFabric.swift in Sources */ = {isa = PBXBuildFile; fileRef = D71EB5FA23F91B170001852D /* RestaurantDataSourceFabric.swift */; };
		D71EB5FD23F91C2B0001852D /* NetworkRestaurantDataSourceFabric.swift in Sources */ = {isa = PBXBuildFile; fileRef = D71EB5FC23F91C2B0001852D /* NetworkRestaurantDataSourceFabric.swift */; };
		D71EB5FF23F91DE70001852D /* PlistRestaurantDataSourceFabric.swift in Sources */ = {isa = PBXBuildFile; fileRef = D71EB5FE23F91DE70001852D /* PlistRestaurantDataSourceFabric.swift */; };
		D71EB60423F92DE60001852D /* RestaurantDataStubManager.swift in Sources */ = {isa = PBXBuildFile; fileRef = D71EB60323F92DE60001852D /* RestaurantDataStubManager.swift */; };
		D71EB60623F92F620001852D /* Restaurants.plist in Resources */ = {isa = PBXBuildFile; fileRef = D71EB60523F92F620001852D /* Restaurants.plist */; };
		D71EB60924010F7F0001852D /* RatingsView.swift in Sources */ = {isa = PBXBuildFile; fileRef = D71EB60824010F7F0001852D /* RatingsView.swift */; };
		D71EB60B24011DE10001852D /* ReviewFormViewController.swift in Sources */ = {isa = PBXBuildFile; fileRef = D71EB60A24011DE10001852D /* ReviewFormViewController.swift */; };
		D71EB60D240123C70001852D /* FilterData.plist in Resources */ = {isa = PBXBuildFile; fileRef = D71EB60C240123C70001852D /* FilterData.plist */; };
		D71EB60F240123E00001852D /* FilterItem.swift in Sources */ = {isa = PBXBuildFile; fileRef = D71EB60E240123E00001852D /* FilterItem.swift */; };
		D71EB612240124B10001852D /* FilterManager.swift in Sources */ = {isa = PBXBuildFile; fileRef = D71EB611240124B10001852D /* FilterManager.swift */; };
		D71EB614240125260001852D /* DataManager.swift in Sources */ = {isa = PBXBuildFile; fileRef = D71EB613240125260001852D /* DataManager.swift */; };
		D71EB616240125870001852D /* ImageFiltering.swift in Sources */ = {isa = PBXBuildFile; fileRef = D71EB615240125870001852D /* ImageFiltering.swift */; };
		D71EB618240126510001852D /* PhotoItem.swift in Sources */ = {isa = PBXBuildFile; fileRef = D71EB617240126510001852D /* PhotoItem.swift */; };
		D71EB61A240127540001852D /* FilterCell.swift in Sources */ = {isa = PBXBuildFile; fileRef = D71EB619240127540001852D /* FilterCell.swift */; };
		D71EB61C2401288A0001852D /* PhotoFilterViewController.swift in Sources */ = {isa = PBXBuildFile; fileRef = D71EB61B2401288A0001852D /* PhotoFilterViewController.swift */; };
		D71EB620240296CF0001852D /* LetsEatModel.xcdatamodeld in Sources */ = {isa = PBXBuildFile; fileRef = D71EB61E240296CF0001852D /* LetsEatModel.xcdatamodeld */; };
		D71EB622240298840001852D /* ReviewItem.swift in Sources */ = {isa = PBXBuildFile; fileRef = D71EB621240298840001852D /* ReviewItem.swift */; };
		D71EB624240299790001852D /* RestaurantPhotoItem.swift in Sources */ = {isa = PBXBuildFile; fileRef = D71EB623240299790001852D /* RestaurantPhotoItem.swift */; };
		D71EB62624029A720001852D /* CoreDataManager.swift in Sources */ = {isa = PBXBuildFile; fileRef = D71EB62524029A720001852D /* CoreDataManager.swift */; };
		D71EB6292402A6CA0001852D /* ReviewsViewController.swift in Sources */ = {isa = PBXBuildFile; fileRef = D71EB6282402A6CA0001852D /* ReviewsViewController.swift */; };
		D71EB62B2402A8090001852D /* ReviewCell.swift in Sources */ = {isa = PBXBuildFile; fileRef = D71EB62A2402A8090001852D /* ReviewCell.swift */; };
		D72A267123B91C8400B82511 /* sample-restaurant-img@2x.png in Resources */ = {isa = PBXBuildFile; fileRef = D72A266E23B91C8400B82511 /* sample-restaurant-img@2x.png */; };
		D72A267223B91C8400B82511 /* sample-restaurant-img.png in Resources */ = {isa = PBXBuildFile; fileRef = D72A266F23B91C8400B82511 /* sample-restaurant-img.png */; };
		D72A267323B91C8400B82511 /* sample-restaurant-img@3x.png in Resources */ = {isa = PBXBuildFile; fileRef = D72A267023B91C8400B82511 /* sample-restaurant-img@3x.png */; };
		D72A267523B91E0600B82511 /* Identifier.swift in Sources */ = {isa = PBXBuildFile; fileRef = D72A267423B91E0600B82511 /* Identifier.swift */; };
		D72A267D23B9218D00B82511 /* UserNotifications.framework in Frameworks */ = {isa = PBXBuildFile; fileRef = D72A267C23B9218D00B82511 /* UserNotifications.framework */; };
		D72A267F23B9218D00B82511 /* UserNotificationsUI.framework in Frameworks */ = {isa = PBXBuildFile; fileRef = D72A267E23B9218D00B82511 /* UserNotificationsUI.framework */; };
		D72A268223B9218D00B82511 /* NotificationViewController.swift in Sources */ = {isa = PBXBuildFile; fileRef = D72A268123B9218D00B82511 /* NotificationViewController.swift */; };
		D72A268523B9218D00B82511 /* MainInterface.storyboard in Resources */ = {isa = PBXBuildFile; fileRef = D72A268323B9218D00B82511 /* MainInterface.storyboard */; };
		D72A268923B9218D00B82511 /* LetsEatContentExtension.appex in Embed App Extensions */ = {isa = PBXBuildFile; fileRef = D72A267A23B9218D00B82511 /* LetsEatContentExtension.appex */; settings = {ATTRIBUTES = (RemoveHeadersOnCopy, ); }; };
		D72A268F23C3D0B400B82511 /* RestaurantDetailDataNetworkManager.swift in Sources */ = {isa = PBXBuildFile; fileRef = D72A268E23C3D0B400B82511 /* RestaurantDetailDataNetworkManager.swift */; };
		D72A269123C3D14D00B82511 /* RestaurantDetail.swift in Sources */ = {isa = PBXBuildFile; fileRef = D72A269023C3D14D00B82511 /* RestaurantDetail.swift */; };
		D72A269323C5F79500B82511 /* MapDataManager.swift in Sources */ = {isa = PBXBuildFile; fileRef = D72A269223C5F79500B82511 /* MapDataManager.swift */; };
		D72A269523C601D900B82511 /* RestaurantDetailDataManger.swift in Sources */ = {isa = PBXBuildFile; fileRef = D72A269423C601D900B82511 /* RestaurantDetailDataManger.swift */; };
		D72A269723C63B1900B82511 /* Segue.swift in Sources */ = {isa = PBXBuildFile; fileRef = D72A269623C63B1900B82511 /* Segue.swift */; };
		D7400AF823DB217700F804B5 /* RestaurantCell.swift in Sources */ = {isa = PBXBuildFile; fileRef = D7400AF723DB217700F804B5 /* RestaurantCell.swift */; };
		D7400AFA23DB244100F804B5 /* RestaurantDataManager.swift in Sources */ = {isa = PBXBuildFile; fileRef = D7400AF923DB244100F804B5 /* RestaurantDataManager.swift */; };
		D7400AFC23DB24A100F804B5 /* RestaurantDataNetworkManager.swift in Sources */ = {isa = PBXBuildFile; fileRef = D7400AFB23DB24A100F804B5 /* RestaurantDataNetworkManager.swift */; };
		D7BB8E8923AFBD2900D93700 /* RestaurantItem.swift in Sources */ = {isa = PBXBuildFile; fileRef = D7BB8E8823AFBD2900D93700 /* RestaurantItem.swift */; };
		D7BB8E8B23AFD4A500D93700 /* MapDataStubManager.swift in Sources */ = {isa = PBXBuildFile; fileRef = D7BB8E8A23AFD4A500D93700 /* MapDataStubManager.swift */; };
		D7BB8E8F23AFEBFE00D93700 /* MapViewController.swift in Sources */ = {isa = PBXBuildFile; fileRef = D7BB8E8E23AFEBFE00D93700 /* MapViewController.swift */; };
		D7E1D1C52393A41E009DF781 /* AppDelegate.swift in Sources */ = {isa = PBXBuildFile; fileRef = D7E1D1C42393A41E009DF781 /* AppDelegate.swift */; };
		D7E1D1CA2393A41E009DF781 /* Main.storyboard in Resources */ = {isa = PBXBuildFile; fileRef = D7E1D1C82393A41E009DF781 /* Main.storyboard */; };
		D7E1D1CF2393A41F009DF781 /* LaunchScreen.storyboard in Resources */ = {isa = PBXBuildFile; fileRef = D7E1D1CD2393A41F009DF781 /* LaunchScreen.storyboard */; };
		D7E6C6CB2393A69800CDC156 /* Assets.xcassets in Resources */ = {isa = PBXBuildFile; fileRef = D7E6C6CA2393A69800CDC156 /* Assets.xcassets */; };
		D7E6C6D12393DAED00CDC156 /* RestaurantViewController.swift in Sources */ = {isa = PBXBuildFile; fileRef = D7E6C6D02393DAEC00CDC156 /* RestaurantViewController.swift */; };
		D7E6C6D32393DB3C00CDC156 /* ExploreViewController.swift in Sources */ = {isa = PBXBuildFile; fileRef = D7E6C6D22393DB3C00CDC156 /* ExploreViewController.swift */; };
		D7EAAC6323DC3198009C9397 /* NetworkService.swift in Sources */ = {isa = PBXBuildFile; fileRef = D7EAAC6223DC3198009C9397 /* NetworkService.swift */; };
		D7F0C6EF23A974CB00F605BF /* LocationViewController.swift in Sources */ = {isa = PBXBuildFile; fileRef = D7F0C6EE23A974CB00F605BF /* LocationViewController.swift */; };
		D7F0C6F123A977C800F605BF /* ExploreData.plist in Resources */ = {isa = PBXBuildFile; fileRef = D7F0C6F023A977C800F605BF /* ExploreData.plist */; };
		D7F0C6F323AA46ED00F605BF /* LocationDataManager.swift in Sources */ = {isa = PBXBuildFile; fileRef = D7F0C6F223AA46ED00F605BF /* LocationDataManager.swift */; };
		D7F0C6F723ADFBA200F605BF /* MapLocations.plist in Resources */ = {isa = PBXBuildFile; fileRef = D7F0C6F623ADFBA200F605BF /* MapLocations.plist */; };
/* End PBXBuildFile section */

/* Begin PBXContainerItemProxy section */
		D72A268723B9218D00B82511 /* PBXContainerItemProxy */ = {
			isa = PBXContainerItemProxy;
			containerPortal = D7E1D1B92393A41E009DF781 /* Project object */;
			proxyType = 1;
			remoteGlobalIDString = D72A267923B9218D00B82511;
			remoteInfo = LetsEatContentExtension;
		};
/* End PBXContainerItemProxy section */

/* Begin PBXCopyFilesBuildPhase section */
		D72A268D23B9218D00B82511 /* Embed App Extensions */ = {
			isa = PBXCopyFilesBuildPhase;
			buildActionMask = 2147483647;
			dstPath = "";
			dstSubfolderSpec = 13;
			files = (
				D72A268923B9218D00B82511 /* LetsEatContentExtension.appex in Embed App Extensions */,
			);
			name = "Embed App Extensions";
			runOnlyForDeploymentPostprocessing = 0;
		};
/* End PBXCopyFilesBuildPhase section */

/* Begin PBXFileReference section */
		D700A7AD23B4FC6200AB11B0 /* JSON.swift */ = {isa = PBXFileReference; lastKnownFileType = sourcecode.swift; path = JSON.swift; sourceTree = "<group>"; };
		D700A7AF23B4FD7F00AB11B0 /* MapDataNetworkManager.swift */ = {isa = PBXFileReference; lastKnownFileType = sourcecode.swift; path = MapDataNetworkManager.swift; sourceTree = "<group>"; };
		D700A7B423B8FBEC00AB11B0 /* RestaurantDetailViewController.swift */ = {isa = PBXFileReference; lastKnownFileType = sourcecode.swift; path = RestaurantDetailViewController.swift; sourceTree = "<group>"; };
		D70993022402E60C00F24DEB /* CoreDataStack.swift */ = {isa = PBXFileReference; lastKnownFileType = sourcecode.swift; path = CoreDataStack.swift; sourceTree = "<group>"; };
		D70993052402EF2F00F24DEB /* PhotoCell.swift */ = {isa = PBXFileReference; fileEncoding = 4; lastKnownFileType = sourcecode.swift; path = PhotoCell.swift; sourceTree = "<group>"; };
		D70993072402EF4100F24DEB /* PhotosViewController.swift */ = {isa = PBXFileReference; fileEncoding = 4; lastKnownFileType = sourcecode.swift; path = PhotosViewController.swift; sourceTree = "<group>"; };
		D709930A2403E42300F24DEB /* NoDataView.swift */ = {isa = PBXFileReference; lastKnownFileType = sourcecode.swift; path = NoDataView.swift; sourceTree = "<group>"; };
		D709930C2403E5AE00F24DEB /* NoDataView.xib */ = {isa = PBXFileReference; lastKnownFileType = file.xib; path = NoDataView.xib; sourceTree = "<group>"; };
		D709930E240BA22A00F24DEB /* ReviewDataNetworkManager.swift */ = {isa = PBXFileReference; fileEncoding = 4; lastKnownFileType = sourcecode.swift; path = ReviewDataNetworkManager.swift; sourceTree = "<group>"; };
		D7099310240C329900F24DEB /* Review+Extension.swift */ = {isa = PBXFileReference; lastKnownFileType = sourcecode.swift; path = "Review+Extension.swift"; sourceTree = "<group>"; };
		D70B50F223DC914100EDF66A /* LocationData.plist */ = {isa = PBXFileReference; fileEncoding = 4; lastKnownFileType = text.plist.xml; path = LocationData.plist; sourceTree = "<group>"; };
		D71C39F223A6165D003B3839 /* EploreItem.swift */ = {isa = PBXFileReference; lastKnownFileType = sourcecode.swift; path = EploreItem.swift; sourceTree = "<group>"; };
		D71C39F423A61911003B3839 /* ExploreDataManager.swift */ = {isa = PBXFileReference; lastKnownFileType = sourcecode.swift; path = ExploreDataManager.swift; sourceTree = "<group>"; };
		D71C39F623A61F48003B3839 /* ExploreCell.swift */ = {isa = PBXFileReference; lastKnownFileType = sourcecode.swift; path = ExploreCell.swift; sourceTree = "<group>"; };
		D71EB5EE23DD81580001852D /* ExploreHeaderView.swift */ = {isa = PBXFileReference; lastKnownFileType = sourcecode.swift; path = ExploreHeaderView.swift; sourceTree = "<group>"; };
		D71EB5F023F874470001852D /* NetworkConfiguration.swift */ = {isa = PBXFileReference; lastKnownFileType = sourcecode.swift; path = NetworkConfiguration.swift; sourceTree = "<group>"; };
		D71EB5F223F875440001852D /* HerokuNetworkConfiguration.swift */ = {isa = PBXFileReference; lastKnownFileType = sourcecode.swift; path = HerokuNetworkConfiguration.swift; sourceTree = "<group>"; };
		D71EB5F423F875C20001852D /* LocalNetworkConfiguration.swift */ = {isa = PBXFileReference; fileEncoding = 4; lastKnownFileType = sourcecode.swift; path = LocalNetworkConfiguration.swift; sourceTree = "<group>"; };
		D71EB5FA23F91B170001852D /* RestaurantDataSourceFabric.swift */ = {isa = PBXFileReference; lastKnownFileType = sourcecode.swift; path = RestaurantDataSourceFabric.swift; sourceTree = "<group>"; };
		D71EB5FC23F91C2B0001852D /* NetworkRestaurantDataSourceFabric.swift */ = {isa = PBXFileReference; lastKnownFileType = sourcecode.swift; path = NetworkRestaurantDataSourceFabric.swift; sourceTree = "<group>"; };
		D71EB5FE23F91DE70001852D /* PlistRestaurantDataSourceFabric.swift */ = {isa = PBXFileReference; fileEncoding = 4; lastKnownFileType = sourcecode.swift; path = PlistRestaurantDataSourceFabric.swift; sourceTree = "<group>"; };
		D71EB60323F92DE60001852D /* RestaurantDataStubManager.swift */ = {isa = PBXFileReference; fileEncoding = 4; lastKnownFileType = sourcecode.swift; path = RestaurantDataStubManager.swift; sourceTree = "<group>"; };
		D71EB60523F92F620001852D /* Restaurants.plist */ = {isa = PBXFileReference; fileEncoding = 4; lastKnownFileType = text.plist.xml; path = Restaurants.plist; sourceTree = "<group>"; };
		D71EB60824010F7F0001852D /* RatingsView.swift */ = {isa = PBXFileReference; lastKnownFileType = sourcecode.swift; path = RatingsView.swift; sourceTree = "<group>"; };
		D71EB60A24011DE10001852D /* ReviewFormViewController.swift */ = {isa = PBXFileReference; lastKnownFileType = sourcecode.swift; path = ReviewFormViewController.swift; sourceTree = "<group>"; };
		D71EB60C240123C70001852D /* FilterData.plist */ = {isa = PBXFileReference; fileEncoding = 4; lastKnownFileType = text.plist.xml; path = FilterData.plist; sourceTree = "<group>"; };
		D71EB60E240123E00001852D /* FilterItem.swift */ = {isa = PBXFileReference; lastKnownFileType = sourcecode.swift; path = FilterItem.swift; sourceTree = "<group>"; };
		D71EB611240124B10001852D /* FilterManager.swift */ = {isa = PBXFileReference; lastKnownFileType = sourcecode.swift; path = FilterManager.swift; sourceTree = "<group>"; };
		D71EB613240125260001852D /* DataManager.swift */ = {isa = PBXFileReference; fileEncoding = 4; lastKnownFileType = sourcecode.swift; path = DataManager.swift; sourceTree = "<group>"; };
		D71EB615240125870001852D /* ImageFiltering.swift */ = {isa = PBXFileReference; lastKnownFileType = sourcecode.swift; path = ImageFiltering.swift; sourceTree = "<group>"; };
		D71EB617240126510001852D /* PhotoItem.swift */ = {isa = PBXFileReference; lastKnownFileType = sourcecode.swift; path = PhotoItem.swift; sourceTree = "<group>"; };
		D71EB619240127540001852D /* FilterCell.swift */ = {isa = PBXFileReference; lastKnownFileType = sourcecode.swift; path = FilterCell.swift; sourceTree = "<group>"; };
		D71EB61B2401288A0001852D /* PhotoFilterViewController.swift */ = {isa = PBXFileReference; fileEncoding = 4; lastKnownFileType = sourcecode.swift; path = PhotoFilterViewController.swift; sourceTree = "<group>"; };
		D71EB61F240296CF0001852D /* Model.xcdatamodel */ = {isa = PBXFileReference; lastKnownFileType = wrapper.xcdatamodel; path = Model.xcdatamodel; sourceTree = "<group>"; };
		D71EB621240298840001852D /* ReviewItem.swift */ = {isa = PBXFileReference; lastKnownFileType = sourcecode.swift; path = ReviewItem.swift; sourceTree = "<group>"; };
		D71EB623240299790001852D /* RestaurantPhotoItem.swift */ = {isa = PBXFileReference; lastKnownFileType = sourcecode.swift; path = RestaurantPhotoItem.swift; sourceTree = "<group>"; };
		D71EB62524029A720001852D /* CoreDataManager.swift */ = {isa = PBXFileReference; fileEncoding = 4; lastKnownFileType = sourcecode.swift; path = CoreDataManager.swift; sourceTree = "<group>"; };
		D71EB6282402A6CA0001852D /* ReviewsViewController.swift */ = {isa = PBXFileReference; lastKnownFileType = sourcecode.swift; path = ReviewsViewController.swift; sourceTree = "<group>"; };
		D71EB62A2402A8090001852D /* ReviewCell.swift */ = {isa = PBXFileReference; fileEncoding = 4; lastKnownFileType = sourcecode.swift; path = ReviewCell.swift; sourceTree = "<group>"; };
		D71EB62C2402B6730001852D /* LetsEatModel.xcdatamodel */ = {isa = PBXFileReference; lastKnownFileType = wrapper.xcdatamodel; path = LetsEatModel.xcdatamodel; sourceTree = "<group>"; };
		D72A266E23B91C8400B82511 /* sample-restaurant-img@2x.png */ = {isa = PBXFileReference; lastKnownFileType = image.png; path = "sample-restaurant-img@2x.png"; sourceTree = "<group>"; };
		D72A266F23B91C8400B82511 /* sample-restaurant-img.png */ = {isa = PBXFileReference; lastKnownFileType = image.png; path = "sample-restaurant-img.png"; sourceTree = "<group>"; };
		D72A267023B91C8400B82511 /* sample-restaurant-img@3x.png */ = {isa = PBXFileReference; lastKnownFileType = image.png; path = "sample-restaurant-img@3x.png"; sourceTree = "<group>"; };
		D72A267423B91E0600B82511 /* Identifier.swift */ = {isa = PBXFileReference; lastKnownFileType = sourcecode.swift; path = Identifier.swift; sourceTree = "<group>"; };
		D72A267A23B9218D00B82511 /* LetsEatContentExtension.appex */ = {isa = PBXFileReference; explicitFileType = "wrapper.app-extension"; includeInIndex = 0; path = LetsEatContentExtension.appex; sourceTree = BUILT_PRODUCTS_DIR; };
		D72A267C23B9218D00B82511 /* UserNotifications.framework */ = {isa = PBXFileReference; lastKnownFileType = wrapper.framework; name = UserNotifications.framework; path = System/Library/Frameworks/UserNotifications.framework; sourceTree = SDKROOT; };
		D72A267E23B9218D00B82511 /* UserNotificationsUI.framework */ = {isa = PBXFileReference; lastKnownFileType = wrapper.framework; name = UserNotificationsUI.framework; path = System/Library/Frameworks/UserNotificationsUI.framework; sourceTree = SDKROOT; };
		D72A268123B9218D00B82511 /* NotificationViewController.swift */ = {isa = PBXFileReference; lastKnownFileType = sourcecode.swift; path = NotificationViewController.swift; sourceTree = "<group>"; };
		D72A268423B9218D00B82511 /* Base */ = {isa = PBXFileReference; lastKnownFileType = file.storyboard; name = Base; path = Base.lproj/MainInterface.storyboard; sourceTree = "<group>"; };
		D72A268623B9218D00B82511 /* Info.plist */ = {isa = PBXFileReference; lastKnownFileType = text.plist.xml; path = Info.plist; sourceTree = "<group>"; };
		D72A268E23C3D0B400B82511 /* RestaurantDetailDataNetworkManager.swift */ = {isa = PBXFileReference; lastKnownFileType = sourcecode.swift; path = RestaurantDetailDataNetworkManager.swift; sourceTree = "<group>"; };
		D72A269023C3D14D00B82511 /* RestaurantDetail.swift */ = {isa = PBXFileReference; lastKnownFileType = sourcecode.swift; path = RestaurantDetail.swift; sourceTree = "<group>"; };
		D72A269223C5F79500B82511 /* MapDataManager.swift */ = {isa = PBXFileReference; lastKnownFileType = sourcecode.swift; path = MapDataManager.swift; sourceTree = "<group>"; };
		D72A269423C601D900B82511 /* RestaurantDetailDataManger.swift */ = {isa = PBXFileReference; lastKnownFileType = sourcecode.swift; path = RestaurantDetailDataManger.swift; sourceTree = "<group>"; };
		D72A269623C63B1900B82511 /* Segue.swift */ = {isa = PBXFileReference; lastKnownFileType = sourcecode.swift; path = Segue.swift; sourceTree = "<group>"; };
		D7400AF723DB217700F804B5 /* RestaurantCell.swift */ = {isa = PBXFileReference; lastKnownFileType = sourcecode.swift; path = RestaurantCell.swift; sourceTree = "<group>"; };
		D7400AF923DB244100F804B5 /* RestaurantDataManager.swift */ = {isa = PBXFileReference; lastKnownFileType = sourcecode.swift; path = RestaurantDataManager.swift; sourceTree = "<group>"; };
		D7400AFB23DB24A100F804B5 /* RestaurantDataNetworkManager.swift */ = {isa = PBXFileReference; lastKnownFileType = sourcecode.swift; path = RestaurantDataNetworkManager.swift; sourceTree = "<group>"; };
		D7BB8E8823AFBD2900D93700 /* RestaurantItem.swift */ = {isa = PBXFileReference; lastKnownFileType = sourcecode.swift; path = RestaurantItem.swift; sourceTree = "<group>"; };
		D7BB8E8A23AFD4A500D93700 /* MapDataStubManager.swift */ = {isa = PBXFileReference; lastKnownFileType = sourcecode.swift; path = MapDataStubManager.swift; sourceTree = "<group>"; };
		D7BB8E8E23AFEBFE00D93700 /* MapViewController.swift */ = {isa = PBXFileReference; lastKnownFileType = sourcecode.swift; path = MapViewController.swift; sourceTree = "<group>"; };
		D7E1D1C12393A41E009DF781 /* LetsEat.app */ = {isa = PBXFileReference; explicitFileType = wrapper.application; includeInIndex = 0; path = LetsEat.app; sourceTree = BUILT_PRODUCTS_DIR; };
		D7E1D1C42393A41E009DF781 /* AppDelegate.swift */ = {isa = PBXFileReference; lastKnownFileType = sourcecode.swift; path = AppDelegate.swift; sourceTree = "<group>"; };
		D7E1D1C92393A41E009DF781 /* Base */ = {isa = PBXFileReference; lastKnownFileType = file.storyboard; name = Base; path = Base.lproj/Main.storyboard; sourceTree = "<group>"; };
		D7E1D1CE2393A41F009DF781 /* Base */ = {isa = PBXFileReference; lastKnownFileType = file.storyboard; name = Base; path = Base.lproj/LaunchScreen.storyboard; sourceTree = "<group>"; };
		D7E1D1D02393A41F009DF781 /* Info.plist */ = {isa = PBXFileReference; lastKnownFileType = text.plist.xml; path = Info.plist; sourceTree = "<group>"; };
		D7E6C6CA2393A69800CDC156 /* Assets.xcassets */ = {isa = PBXFileReference; lastKnownFileType = folder.assetcatalog; path = Assets.xcassets; sourceTree = "<group>"; };
		D7E6C6D02393DAEC00CDC156 /* RestaurantViewController.swift */ = {isa = PBXFileReference; fileEncoding = 4; lastKnownFileType = sourcecode.swift; path = RestaurantViewController.swift; sourceTree = "<group>"; };
		D7E6C6D22393DB3C00CDC156 /* ExploreViewController.swift */ = {isa = PBXFileReference; fileEncoding = 4; lastKnownFileType = sourcecode.swift; path = ExploreViewController.swift; sourceTree = "<group>"; };
		D7EAAC6223DC3198009C9397 /* NetworkService.swift */ = {isa = PBXFileReference; lastKnownFileType = sourcecode.swift; path = NetworkService.swift; sourceTree = "<group>"; };
		D7F0C6EE23A974CB00F605BF /* LocationViewController.swift */ = {isa = PBXFileReference; lastKnownFileType = sourcecode.swift; path = LocationViewController.swift; sourceTree = "<group>"; };
		D7F0C6F023A977C800F605BF /* ExploreData.plist */ = {isa = PBXFileReference; fileEncoding = 4; lastKnownFileType = text.plist.xml; path = ExploreData.plist; sourceTree = "<group>"; };
		D7F0C6F223AA46ED00F605BF /* LocationDataManager.swift */ = {isa = PBXFileReference; lastKnownFileType = sourcecode.swift; path = LocationDataManager.swift; sourceTree = "<group>"; };
		D7F0C6F623ADFBA200F605BF /* MapLocations.plist */ = {isa = PBXFileReference; fileEncoding = 4; lastKnownFileType = text.plist.xml; path = MapLocations.plist; sourceTree = "<group>"; };
/* End PBXFileReference section */

/* Begin PBXFrameworksBuildPhase section */
		D72A267723B9218D00B82511 /* Frameworks */ = {
			isa = PBXFrameworksBuildPhase;
			buildActionMask = 2147483647;
			files = (
				D72A267F23B9218D00B82511 /* UserNotificationsUI.framework in Frameworks */,
				D72A267D23B9218D00B82511 /* UserNotifications.framework in Frameworks */,
			);
			runOnlyForDeploymentPostprocessing = 0;
		};
		D7E1D1BE2393A41E009DF781 /* Frameworks */ = {
			isa = PBXFrameworksBuildPhase;
			buildActionMask = 2147483647;
			files = (
			);
			runOnlyForDeploymentPostprocessing = 0;
		};
/* End PBXFrameworksBuildPhase section */

/* Begin PBXGroup section */
		D70993042402EF1000F24DEB /* Photos */ = {
			isa = PBXGroup;
			children = (
				D70993072402EF4100F24DEB /* PhotosViewController.swift */,
				D70993052402EF2F00F24DEB /* PhotoCell.swift */,
			);
			path = Photos;
			sourceTree = "<group>";
		};
		D70993092403E40700F24DEB /* NoData */ = {
			isa = PBXGroup;
			children = (
				D709930A2403E42300F24DEB /* NoDataView.swift */,
				D709930C2403E5AE00F24DEB /* NoDataView.xib */,
			);
			path = NoData;
			sourceTree = "<group>";
		};
		D71EB5F923F91A730001852D /* DataSourceFabric */ = {
			isa = PBXGroup;
			children = (
				D71EB5FA23F91B170001852D /* RestaurantDataSourceFabric.swift */,
				D71EB5FC23F91C2B0001852D /* NetworkRestaurantDataSourceFabric.swift */,
				D71EB5FE23F91DE70001852D /* PlistRestaurantDataSourceFabric.swift */,
			);
			path = DataSourceFabric;
			sourceTree = "<group>";
		};
		D71EB60724010F030001852D /* ReviewForm */ = {
			isa = PBXGroup;
			children = (
				D71EB60A24011DE10001852D /* ReviewFormViewController.swift */,
				D71EB60824010F7F0001852D /* RatingsView.swift */,
				D709930E240BA22A00F24DEB /* ReviewDataNetworkManager.swift */,
			);
			path = ReviewForm;
			sourceTree = "<group>";
		};
		D71EB6102401248D0001852D /* PhotoFilter */ = {
			isa = PBXGroup;
			children = (
				D71EB61B2401288A0001852D /* PhotoFilterViewController.swift */,
				D71EB611240124B10001852D /* FilterManager.swift */,
				D71EB615240125870001852D /* ImageFiltering.swift */,
				D71EB617240126510001852D /* PhotoItem.swift */,
				D71EB619240127540001852D /* FilterCell.swift */,
				D71EB60724010F030001852D /* ReviewForm */,
			);
			path = PhotoFilter;
			sourceTree = "<group>";
		};
		D71EB61D240296910001852D /* PersistentData */ = {
			isa = PBXGroup;
			children = (
				D70993022402E60C00F24DEB /* CoreDataStack.swift */,
				D71EB62524029A720001852D /* CoreDataManager.swift */,
				D71EB61E240296CF0001852D /* LetsEatModel.xcdatamodeld */,
				D7099310240C329900F24DEB /* Review+Extension.swift */,
			);
			path = PersistentData;
			sourceTree = "<group>";
		};
		D71EB6272402A6900001852D /* Reviews */ = {
			isa = PBXGroup;
			children = (
				D71EB6282402A6CA0001852D /* ReviewsViewController.swift */,
				D71EB62A2402A8090001852D /* ReviewCell.swift */,
			);
			path = Reviews;
			sourceTree = "<group>";
		};
		D72A266D23B91C5600B82511 /* Images */ = {
			isa = PBXGroup;
			children = (
				D72A266F23B91C8400B82511 /* sample-restaurant-img.png */,
				D72A266E23B91C8400B82511 /* sample-restaurant-img@2x.png */,
				D72A267023B91C8400B82511 /* sample-restaurant-img@3x.png */,
			);
			path = Images;
			sourceTree = "<group>";
		};
		D72A267B23B9218D00B82511 /* Frameworks */ = {
			isa = PBXGroup;
			children = (
				D72A267C23B9218D00B82511 /* UserNotifications.framework */,
				D72A267E23B9218D00B82511 /* UserNotificationsUI.framework */,
			);
			name = Frameworks;
			sourceTree = "<group>";
		};
		D72A268023B9218D00B82511 /* LetsEatContentExtension */ = {
			isa = PBXGroup;
			children = (
				D72A268123B9218D00B82511 /* NotificationViewController.swift */,
				D72A268323B9218D00B82511 /* MainInterface.storyboard */,
				D72A268623B9218D00B82511 /* Info.plist */,
			);
			path = LetsEatContentExtension;
			sourceTree = "<group>";
		};
		D7BB8E8123AFB79E00D93700 /* Application */ = {
			isa = PBXGroup;
			children = (
				D7E1D1C42393A41E009DF781 /* AppDelegate.swift */,
				D7E1D1C82393A41E009DF781 /* Main.storyboard */,
				D7E1D1CD2393A41F009DF781 /* LaunchScreen.storyboard */,
				D7E6C6CA2393A69800CDC156 /* Assets.xcassets */,
				D72A266D23B91C5600B82511 /* Images */,
			);
			path = Application;
			sourceTree = "<group>";
		};
		D7BB8E8223AFB7B000D93700 /* Misc */ = {
			isa = PBXGroup;
			children = (
				D70993092403E40700F24DEB /* NoData */,
				D72A267423B91E0600B82511 /* Identifier.swift */,
				D72A269623C63B1900B82511 /* Segue.swift */,
			);
			path = Misc;
			sourceTree = "<group>";
		};
		D7BB8E8323AFB7BC00D93700 /* Controllers */ = {
			isa = PBXGroup;
			children = (
				D70993042402EF1000F24DEB /* Photos */,
				D71EB6272402A6900001852D /* Reviews */,
				D71EB6102401248D0001852D /* PhotoFilter */,
				D7BB8E8723AFBCE300D93700 /* Map */,
				D7BB8E8623AFB8C900D93700 /* Explore */,
				D7BB8E8523AFB81A00D93700 /* Restaurants */,
				D7EAAC6523DC373A009C9397 /* RestaurantDetail */,
				D7BB8E8423AFB80F00D93700 /* Locations */,
			);
			path = Controllers;
			sourceTree = "<group>";
		};
		D7BB8E8423AFB80F00D93700 /* Locations */ = {
			isa = PBXGroup;
			children = (
				D7F0C6EE23A974CB00F605BF /* LocationViewController.swift */,
				D70B50F223DC914100EDF66A /* LocationData.plist */,
				D7F0C6F223AA46ED00F605BF /* LocationDataManager.swift */,
			);
			path = Locations;
			sourceTree = "<group>";
		};
		D7BB8E8523AFB81A00D93700 /* Restaurants */ = {
			isa = PBXGroup;
			children = (
				D7E6C6D02393DAEC00CDC156 /* RestaurantViewController.swift */,
				D7400AF723DB217700F804B5 /* RestaurantCell.swift */,
				D71EB60523F92F620001852D /* Restaurants.plist */,
				D7400AF923DB244100F804B5 /* RestaurantDataManager.swift */,
				D7400AFB23DB24A100F804B5 /* RestaurantDataNetworkManager.swift */,
				D71EB60323F92DE60001852D /* RestaurantDataStubManager.swift */,
			);
			path = Restaurants;
			sourceTree = "<group>";
		};
		D7BB8E8623AFB8C900D93700 /* Explore */ = {
			isa = PBXGroup;
			children = (
				D7E6C6D22393DB3C00CDC156 /* ExploreViewController.swift */,
				D71EB5EE23DD81580001852D /* ExploreHeaderView.swift */,
				D71C39F623A61F48003B3839 /* ExploreCell.swift */,
				D7F0C6F023A977C800F605BF /* ExploreData.plist */,
				D71C39F223A6165D003B3839 /* EploreItem.swift */,
				D71C39F423A61911003B3839 /* ExploreDataManager.swift */,
			);
			path = Explore;
			sourceTree = "<group>";
		};
		D7BB8E8723AFBCE300D93700 /* Map */ = {
			isa = PBXGroup;
			children = (
				D7BB8E8E23AFEBFE00D93700 /* MapViewController.swift */,
				D7F0C6F623ADFBA200F605BF /* MapLocations.plist */,
				D72A269223C5F79500B82511 /* MapDataManager.swift */,
				D7BB8E8A23AFD4A500D93700 /* MapDataStubManager.swift */,
				D700A7AF23B4FD7F00AB11B0 /* MapDataNetworkManager.swift */,
			);
			path = Map;
			sourceTree = "<group>";
		};
		D7E1D1B82393A41E009DF781 = {
			isa = PBXGroup;
			children = (
				D7E1D1C32393A41E009DF781 /* LetsEat */,
				D72A268023B9218D00B82511 /* LetsEatContentExtension */,
				D72A267B23B9218D00B82511 /* Frameworks */,
				D7E1D1C22393A41E009DF781 /* Products */,
			);
			sourceTree = "<group>";
		};
		D7E1D1C22393A41E009DF781 /* Products */ = {
			isa = PBXGroup;
			children = (
				D7E1D1C12393A41E009DF781 /* LetsEat.app */,
				D72A267A23B9218D00B82511 /* LetsEatContentExtension.appex */,
			);
			name = Products;
			sourceTree = "<group>";
		};
		D7E1D1C32393A41E009DF781 /* LetsEat */ = {
			isa = PBXGroup;
			children = (
				D71EB5F923F91A730001852D /* DataSourceFabric */,
				D7E1D1D02393A41F009DF781 /* Info.plist */,
				D700A7AD23B4FC6200AB11B0 /* JSON.swift */,
				D71EB613240125260001852D /* DataManager.swift */,
				D7EAAC6423DC36ED009C9397 /* Model */,
				D7EAAC6123DC317A009C9397 /* Networking */,
				D7BB8E8323AFB7BC00D93700 /* Controllers */,
				D7BB8E8223AFB7B000D93700 /* Misc */,
				D71EB61D240296910001852D /* PersistentData */,
				D7BB8E8123AFB79E00D93700 /* Application */,
			);
			path = LetsEat;
			sourceTree = "<group>";
		};
		D7EAAC6123DC317A009C9397 /* Networking */ = {
			isa = PBXGroup;
			children = (
				D7EAAC6223DC3198009C9397 /* NetworkService.swift */,
				D71EB5F023F874470001852D /* NetworkConfiguration.swift */,
				D71EB5F223F875440001852D /* HerokuNetworkConfiguration.swift */,
				D71EB5F423F875C20001852D /* LocalNetworkConfiguration.swift */,
			);
			path = Networking;
			sourceTree = "<group>";
		};
		D7EAAC6423DC36ED009C9397 /* Model */ = {
			isa = PBXGroup;
			children = (
				D71EB60C240123C70001852D /* FilterData.plist */,
				D7BB8E8823AFBD2900D93700 /* RestaurantItem.swift */,
				D72A269023C3D14D00B82511 /* RestaurantDetail.swift */,
				D71EB60E240123E00001852D /* FilterItem.swift */,
				D71EB621240298840001852D /* ReviewItem.swift */,
				D71EB623240299790001852D /* RestaurantPhotoItem.swift */,
			);
			path = Model;
			sourceTree = "<group>";
		};
		D7EAAC6523DC373A009C9397 /* RestaurantDetail */ = {
			isa = PBXGroup;
			children = (
				D700A7B423B8FBEC00AB11B0 /* RestaurantDetailViewController.swift */,
				D72A269423C601D900B82511 /* RestaurantDetailDataManger.swift */,
				D72A268E23C3D0B400B82511 /* RestaurantDetailDataNetworkManager.swift */,
			);
			path = RestaurantDetail;
			sourceTree = "<group>";
		};
/* End PBXGroup section */

/* Begin PBXNativeTarget section */
		D72A267923B9218D00B82511 /* LetsEatContentExtension */ = {
			isa = PBXNativeTarget;
			buildConfigurationList = D72A268A23B9218D00B82511 /* Build configuration list for PBXNativeTarget "LetsEatContentExtension" */;
			buildPhases = (
				D72A267623B9218D00B82511 /* Sources */,
				D72A267723B9218D00B82511 /* Frameworks */,
				D72A267823B9218D00B82511 /* Resources */,
			);
			buildRules = (
			);
			dependencies = (
			);
			name = LetsEatContentExtension;
			productName = LetsEatContentExtension;
			productReference = D72A267A23B9218D00B82511 /* LetsEatContentExtension.appex */;
			productType = "com.apple.product-type.app-extension";
		};
		D7E1D1C02393A41E009DF781 /* LetsEat */ = {
			isa = PBXNativeTarget;
			buildConfigurationList = D7E1D1D32393A41F009DF781 /* Build configuration list for PBXNativeTarget "LetsEat" */;
			buildPhases = (
				D7E1D1BD2393A41E009DF781 /* Sources */,
				D7E1D1BE2393A41E009DF781 /* Frameworks */,
				D7E1D1BF2393A41E009DF781 /* Resources */,
				D72A268D23B9218D00B82511 /* Embed App Extensions */,
			);
			buildRules = (
			);
			dependencies = (
				D72A268823B9218D00B82511 /* PBXTargetDependency */,
			);
			name = LetsEat;
			productName = LetsEat;
			productReference = D7E1D1C12393A41E009DF781 /* LetsEat.app */;
			productType = "com.apple.product-type.application";
		};
/* End PBXNativeTarget section */

/* Begin PBXProject section */
		D7E1D1B92393A41E009DF781 /* Project object */ = {
			isa = PBXProject;
			attributes = {
				LastSwiftUpdateCheck = 1130;
				LastUpgradeCheck = 1020;
				ORGANIZATIONNAME = "Гончаров Денис Васильевич";
				TargetAttributes = {
					D72A267923B9218D00B82511 = {
						CreatedOnToolsVersion = 11.3;
					};
					D7E1D1C02393A41E009DF781 = {
						CreatedOnToolsVersion = 10.2.1;
					};
				};
			};
			buildConfigurationList = D7E1D1BC2393A41E009DF781 /* Build configuration list for PBXProject "LetsEat" */;
			compatibilityVersion = "Xcode 9.3";
			developmentRegion = en;
			hasScannedForEncodings = 0;
			knownRegions = (
				en,
				Base,
			);
			mainGroup = D7E1D1B82393A41E009DF781;
			productRefGroup = D7E1D1C22393A41E009DF781 /* Products */;
			projectDirPath = "";
			projectRoot = "";
			targets = (
				D7E1D1C02393A41E009DF781 /* LetsEat */,
				D72A267923B9218D00B82511 /* LetsEatContentExtension */,
			);
		};
/* End PBXProject section */

/* Begin PBXResourcesBuildPhase section */
		D72A267823B9218D00B82511 /* Resources */ = {
			isa = PBXResourcesBuildPhase;
			buildActionMask = 2147483647;
			files = (
				D72A268523B9218D00B82511 /* MainInterface.storyboard in Resources */,
			);
			runOnlyForDeploymentPostprocessing = 0;
		};
		D7E1D1BF2393A41E009DF781 /* Resources */ = {
			isa = PBXResourcesBuildPhase;
			buildActionMask = 2147483647;
			files = (
				D7F0C6F723ADFBA200F605BF /* MapLocations.plist in Resources */,
				D7F0C6F123A977C800F605BF /* ExploreData.plist in Resources */,
				D709930D2403E5AE00F24DEB /* NoDataView.xib in Resources */,
				D7E1D1CF2393A41F009DF781 /* LaunchScreen.storyboard in Resources */,
				D70B50F323DC914100EDF66A /* LocationData.plist in Resources */,
				D71EB60D240123C70001852D /* FilterData.plist in Resources */,
				D72A267323B91C8400B82511 /* sample-restaurant-img@3x.png in Resources */,
				D71EB60623F92F620001852D /* Restaurants.plist in Resources */,
				D7E6C6CB2393A69800CDC156 /* Assets.xcassets in Resources */,
				D7E1D1CA2393A41E009DF781 /* Main.storyboard in Resources */,
				D72A267223B91C8400B82511 /* sample-restaurant-img.png in Resources */,
				D72A267123B91C8400B82511 /* sample-restaurant-img@2x.png in Resources */,
			);
			runOnlyForDeploymentPostprocessing = 0;
		};
/* End PBXResourcesBuildPhase section */

/* Begin PBXSourcesBuildPhase section */
		D72A267623B9218D00B82511 /* Sources */ = {
			isa = PBXSourcesBuildPhase;
			buildActionMask = 2147483647;
			files = (
				D72A268223B9218D00B82511 /* NotificationViewController.swift in Sources */,
			);
			runOnlyForDeploymentPostprocessing = 0;
		};
		D7E1D1BD2393A41E009DF781 /* Sources */ = {
			isa = PBXSourcesBuildPhase;
			buildActionMask = 2147483647;
			files = (
				D7BB8E8923AFBD2900D93700 /* RestaurantItem.swift in Sources */,
				D7BB8E8F23AFEBFE00D93700 /* MapViewController.swift in Sources */,
				D71EB60F240123E00001852D /* FilterItem.swift in Sources */,
				D72A267523B91E0600B82511 /* Identifier.swift in Sources */,
				D7EAAC6323DC3198009C9397 /* NetworkService.swift in Sources */,
				D7F0C6EF23A974CB00F605BF /* LocationViewController.swift in Sources */,
				D71EB5FB23F91B170001852D /* RestaurantDataSourceFabric.swift in Sources */,
				D72A269723C63B1900B82511 /* Segue.swift in Sources */,
				D71EB60924010F7F0001852D /* RatingsView.swift in Sources */,
				D70993082402EF4100F24DEB /* PhotosViewController.swift in Sources */,
				D71EB62B2402A8090001852D /* ReviewCell.swift in Sources */,
				D71EB61A240127540001852D /* FilterCell.swift in Sources */,
				D72A269323C5F79500B82511 /* MapDataManager.swift in Sources */,
				D71EB5FF23F91DE70001852D /* PlistRestaurantDataSourceFabric.swift in Sources */,
				D700A7B023B4FD7F00AB11B0 /* MapDataNetworkManager.swift in Sources */,
				D71EB5EF23DD81580001852D /* ExploreHeaderView.swift in Sources */,
				D7400AF823DB217700F804B5 /* RestaurantCell.swift in Sources */,
				D71EB622240298840001852D /* ReviewItem.swift in Sources */,
				D7400AFA23DB244100F804B5 /* RestaurantDataManager.swift in Sources */,
				D700A7AE23B4FC6200AB11B0 /* JSON.swift in Sources */,
				D71EB620240296CF0001852D /* LetsEatModel.xcdatamodeld in Sources */,
				D7E6C6D12393DAED00CDC156 /* RestaurantViewController.swift in Sources */,
				D71EB618240126510001852D /* PhotoItem.swift in Sources */,
				D71EB5F123F874470001852D /* NetworkConfiguration.swift in Sources */,
				D72A268F23C3D0B400B82511 /* RestaurantDetailDataNetworkManager.swift in Sources */,
				D7F0C6F323AA46ED00F605BF /* LocationDataManager.swift in Sources */,
				D71EB6292402A6CA0001852D /* ReviewsViewController.swift in Sources */,
				D7BB8E8B23AFD4A500D93700 /* MapDataStubManager.swift in Sources */,
				D71EB5F323F875440001852D /* HerokuNetworkConfiguration.swift in Sources */,
				D70993062402EF2F00F24DEB /* PhotoCell.swift in Sources */,
				D71EB60B24011DE10001852D /* ReviewFormViewController.swift in Sources */,
				D71EB612240124B10001852D /* FilterManager.swift in Sources */,
				D72A269523C601D900B82511 /* RestaurantDetailDataManger.swift in Sources */,
				D71EB614240125260001852D /* DataManager.swift in Sources */,
				D7400AFC23DB24A100F804B5 /* RestaurantDataNetworkManager.swift in Sources */,
				D71EB60423F92DE60001852D /* RestaurantDataStubManager.swift in Sources */,
				D72A269123C3D14D00B82511 /* RestaurantDetail.swift in Sources */,
				D71EB62624029A720001852D /* CoreDataManager.swift in Sources */,
				D71C39F323A6165D003B3839 /* EploreItem.swift in Sources */,
				D7E1D1C52393A41E009DF781 /* AppDelegate.swift in Sources */,
				D71C39F523A61911003B3839 /* ExploreDataManager.swift in Sources */,
				D70993032402E60C00F24DEB /* CoreDataStack.swift in Sources */,
				D709930F240BA22A00F24DEB /* ReviewDataNetworkManager.swift in Sources */,
				D7099311240C329900F24DEB /* Review+Extension.swift in Sources */,
				D7E6C6D32393DB3C00CDC156 /* ExploreViewController.swift in Sources */,
				D700A7B523B8FBEC00AB11B0 /* RestaurantDetailViewController.swift in Sources */,
				D71EB624240299790001852D /* RestaurantPhotoItem.swift in Sources */,
				D71C39F723A61F48003B3839 /* ExploreCell.swift in Sources */,
				D71EB61C2401288A0001852D /* PhotoFilterViewController.swift in Sources */,
				D71EB5F523F875C20001852D /* LocalNetworkConfiguration.swift in Sources */,
				D71EB616240125870001852D /* ImageFiltering.swift in Sources */,
				D709930B2403E42300F24DEB /* NoDataView.swift in Sources */,
				D71EB5FD23F91C2B0001852D /* NetworkRestaurantDataSourceFabric.swift in Sources */,
			);
			runOnlyForDeploymentPostprocessing = 0;
		};
/* End PBXSourcesBuildPhase section */

/* Begin PBXTargetDependency section */
		D72A268823B9218D00B82511 /* PBXTargetDependency */ = {
			isa = PBXTargetDependency;
			target = D72A267923B9218D00B82511 /* LetsEatContentExtension */;
			targetProxy = D72A268723B9218D00B82511 /* PBXContainerItemProxy */;
		};
/* End PBXTargetDependency section */

/* Begin PBXVariantGroup section */
		D72A268323B9218D00B82511 /* MainInterface.storyboard */ = {
			isa = PBXVariantGroup;
			children = (
				D72A268423B9218D00B82511 /* Base */,
			);
			name = MainInterface.storyboard;
			sourceTree = "<group>";
		};
		D7E1D1C82393A41E009DF781 /* Main.storyboard */ = {
			isa = PBXVariantGroup;
			children = (
				D7E1D1C92393A41E009DF781 /* Base */,
			);
			name = Main.storyboard;
			sourceTree = "<group>";
		};
		D7E1D1CD2393A41F009DF781 /* LaunchScreen.storyboard */ = {
			isa = PBXVariantGroup;
			children = (
				D7E1D1CE2393A41F009DF781 /* Base */,
			);
			name = LaunchScreen.storyboard;
			sourceTree = "<group>";
		};
/* End PBXVariantGroup section */

/* Begin XCBuildConfiguration section */
		D71EB5F623F877FB0001852D /* HerokuDebug */ = {
			isa = XCBuildConfiguration;
			buildSettings = {
				ALWAYS_SEARCH_USER_PATHS = NO;
				CLANG_ANALYZER_NONNULL = YES;
				CLANG_ANALYZER_NUMBER_OBJECT_CONVERSION = YES_AGGRESSIVE;
				CLANG_CXX_LANGUAGE_STANDARD = "gnu++14";
				CLANG_CXX_LIBRARY = "libc++";
				CLANG_ENABLE_MODULES = YES;
				CLANG_ENABLE_OBJC_ARC = YES;
				CLANG_ENABLE_OBJC_WEAK = YES;
				CLANG_WARN_BLOCK_CAPTURE_AUTORELEASING = YES;
				CLANG_WARN_BOOL_CONVERSION = YES;
				CLANG_WARN_COMMA = YES;
				CLANG_WARN_CONSTANT_CONVERSION = YES;
				CLANG_WARN_DEPRECATED_OBJC_IMPLEMENTATIONS = YES;
				CLANG_WARN_DIRECT_OBJC_ISA_USAGE = YES_ERROR;
				CLANG_WARN_DOCUMENTATION_COMMENTS = YES;
				CLANG_WARN_EMPTY_BODY = YES;
				CLANG_WARN_ENUM_CONVERSION = YES;
				CLANG_WARN_INFINITE_RECURSION = YES;
				CLANG_WARN_INT_CONVERSION = YES;
				CLANG_WARN_NON_LITERAL_NULL_CONVERSION = YES;
				CLANG_WARN_OBJC_IMPLICIT_RETAIN_SELF = YES;
				CLANG_WARN_OBJC_LITERAL_CONVERSION = YES;
				CLANG_WARN_OBJC_ROOT_CLASS = YES_ERROR;
				CLANG_WARN_RANGE_LOOP_ANALYSIS = YES;
				CLANG_WARN_STRICT_PROTOTYPES = YES;
				CLANG_WARN_SUSPICIOUS_MOVE = YES;
				CLANG_WARN_UNGUARDED_AVAILABILITY = YES_AGGRESSIVE;
				CLANG_WARN_UNREACHABLE_CODE = YES;
				CLANG_WARN__DUPLICATE_METHOD_MATCH = YES;
				CODE_SIGN_IDENTITY = "iPhone Developer";
				COPY_PHASE_STRIP = NO;
				DEBUG_INFORMATION_FORMAT = dwarf;
				ENABLE_STRICT_OBJC_MSGSEND = YES;
				ENABLE_TESTABILITY = YES;
				GCC_C_LANGUAGE_STANDARD = gnu11;
				GCC_DYNAMIC_NO_PIC = NO;
				GCC_NO_COMMON_BLOCKS = YES;
				GCC_OPTIMIZATION_LEVEL = 0;
				GCC_PREPROCESSOR_DEFINITIONS = (
					"DEBUG=1",
					"$(inherited)",
				);
				GCC_WARN_64_TO_32_BIT_CONVERSION = YES;
				GCC_WARN_ABOUT_RETURN_TYPE = YES_ERROR;
				GCC_WARN_UNDECLARED_SELECTOR = YES;
				GCC_WARN_UNINITIALIZED_AUTOS = YES_AGGRESSIVE;
				GCC_WARN_UNUSED_FUNCTION = YES;
				GCC_WARN_UNUSED_VARIABLE = YES;
				IPHONEOS_DEPLOYMENT_TARGET = 13.2;
				MTL_ENABLE_DEBUG_INFO = INCLUDE_SOURCE;
				MTL_FAST_MATH = YES;
				ONLY_ACTIVE_ARCH = YES;
				SDKROOT = iphoneos;
				SWIFT_ACTIVE_COMPILATION_CONDITIONS = HEROKU_DEBUG;
				SWIFT_OPTIMIZATION_LEVEL = "-Onone";
			};
			name = HerokuDebug;
		};
		D71EB5F723F877FB0001852D /* HerokuDebug */ = {
			isa = XCBuildConfiguration;
			buildSettings = {
				ALWAYS_EMBED_SWIFT_STANDARD_LIBRARIES = YES;
				ASSETCATALOG_COMPILER_APPICON_NAME = AppIcon;
				CODE_SIGN_IDENTITY = "Apple Development";
				CODE_SIGN_STYLE = Automatic;
				DEVELOPMENT_TEAM = 27Q4D7MK33;
				INFOPLIST_FILE = LetsEat/Info.plist;
				IPHONEOS_DEPLOYMENT_TARGET = 13.0;
				LD_RUNPATH_SEARCH_PATHS = (
					"$(inherited)",
					"@executable_path/Frameworks",
				);
				PRODUCT_BUNDLE_IDENTIFIER = "com.goncharov-dva.LetsEat";
				PRODUCT_NAME = "$(TARGET_NAME)";
				PROVISIONING_PROFILE_SPECIFIER = "";
				SWIFT_ENFORCE_EXCLUSIVE_ACCESS = off;
				SWIFT_VERSION = 5.0;
				TARGETED_DEVICE_FAMILY = "1,2";
			};
			name = HerokuDebug;
		};
		D71EB5F823F877FB0001852D /* HerokuDebug */ = {
			isa = XCBuildConfiguration;
			buildSettings = {
				CODE_SIGN_STYLE = Automatic;
				DEVELOPMENT_TEAM = 27Q4D7MK33;
				INFOPLIST_FILE = LetsEatContentExtension/Info.plist;
				LD_RUNPATH_SEARCH_PATHS = (
					"$(inherited)",
					"@executable_path/Frameworks",
					"@executable_path/../../Frameworks",
				);
				PRODUCT_BUNDLE_IDENTIFIER = "com.goncharov-dva.LetsEat.LetsEatContentExtension";
				PRODUCT_NAME = "$(TARGET_NAME)";
				SKIP_INSTALL = YES;
				SWIFT_VERSION = 5.0;
				TARGETED_DEVICE_FAMILY = "1,2";
			};
			name = HerokuDebug;
		};
		D71EB60023F929840001852D /* LocalServerDebug */ = {
			isa = XCBuildConfiguration;
			buildSettings = {
				ALWAYS_SEARCH_USER_PATHS = NO;
				CLANG_ANALYZER_NONNULL = YES;
				CLANG_ANALYZER_NUMBER_OBJECT_CONVERSION = YES_AGGRESSIVE;
				CLANG_CXX_LANGUAGE_STANDARD = "gnu++14";
				CLANG_CXX_LIBRARY = "libc++";
				CLANG_ENABLE_MODULES = YES;
				CLANG_ENABLE_OBJC_ARC = YES;
				CLANG_ENABLE_OBJC_WEAK = YES;
				CLANG_WARN_BLOCK_CAPTURE_AUTORELEASING = YES;
				CLANG_WARN_BOOL_CONVERSION = YES;
				CLANG_WARN_COMMA = YES;
				CLANG_WARN_CONSTANT_CONVERSION = YES;
				CLANG_WARN_DEPRECATED_OBJC_IMPLEMENTATIONS = YES;
				CLANG_WARN_DIRECT_OBJC_ISA_USAGE = YES_ERROR;
				CLANG_WARN_DOCUMENTATION_COMMENTS = YES;
				CLANG_WARN_EMPTY_BODY = YES;
				CLANG_WARN_ENUM_CONVERSION = YES;
				CLANG_WARN_INFINITE_RECURSION = YES;
				CLANG_WARN_INT_CONVERSION = YES;
				CLANG_WARN_NON_LITERAL_NULL_CONVERSION = YES;
				CLANG_WARN_OBJC_IMPLICIT_RETAIN_SELF = YES;
				CLANG_WARN_OBJC_LITERAL_CONVERSION = YES;
				CLANG_WARN_OBJC_ROOT_CLASS = YES_ERROR;
				CLANG_WARN_RANGE_LOOP_ANALYSIS = YES;
				CLANG_WARN_STRICT_PROTOTYPES = YES;
				CLANG_WARN_SUSPICIOUS_MOVE = YES;
				CLANG_WARN_UNGUARDED_AVAILABILITY = YES_AGGRESSIVE;
				CLANG_WARN_UNREACHABLE_CODE = YES;
				CLANG_WARN__DUPLICATE_METHOD_MATCH = YES;
				CODE_SIGN_IDENTITY = "iPhone Developer";
				COPY_PHASE_STRIP = NO;
				DEBUG_INFORMATION_FORMAT = dwarf;
				ENABLE_STRICT_OBJC_MSGSEND = YES;
				ENABLE_TESTABILITY = YES;
				GCC_C_LANGUAGE_STANDARD = gnu11;
				GCC_DYNAMIC_NO_PIC = NO;
				GCC_NO_COMMON_BLOCKS = YES;
				GCC_OPTIMIZATION_LEVEL = 0;
				GCC_PREPROCESSOR_DEFINITIONS = (
					"DEBUG=1",
					"$(inherited)",
				);
				GCC_WARN_64_TO_32_BIT_CONVERSION = YES;
				GCC_WARN_ABOUT_RETURN_TYPE = YES_ERROR;
				GCC_WARN_UNDECLARED_SELECTOR = YES;
				GCC_WARN_UNINITIALIZED_AUTOS = YES_AGGRESSIVE;
				GCC_WARN_UNUSED_FUNCTION = YES;
				GCC_WARN_UNUSED_VARIABLE = YES;
				IPHONEOS_DEPLOYMENT_TARGET = 13.2;
				MTL_ENABLE_DEBUG_INFO = INCLUDE_SOURCE;
				MTL_FAST_MATH = YES;
				ONLY_ACTIVE_ARCH = YES;
				SDKROOT = iphoneos;
				SWIFT_ACTIVE_COMPILATION_CONDITIONS = LOCAL_SERVER_DEBUG;
				SWIFT_OPTIMIZATION_LEVEL = "-Onone";
			};
			name = LocalServerDebug;
		};
		D71EB60123F929840001852D /* LocalServerDebug */ = {
			isa = XCBuildConfiguration;
			buildSettings = {
				ALWAYS_EMBED_SWIFT_STANDARD_LIBRARIES = YES;
				ASSETCATALOG_COMPILER_APPICON_NAME = AppIcon;
				CODE_SIGN_IDENTITY = "Apple Development";
				CODE_SIGN_STYLE = Automatic;
				DEVELOPMENT_TEAM = 27Q4D7MK33;
				INFOPLIST_FILE = LetsEat/Info.plist;
				IPHONEOS_DEPLOYMENT_TARGET = 13.0;
				LD_RUNPATH_SEARCH_PATHS = (
					"$(inherited)",
					"@executable_path/Frameworks",
				);
				PRODUCT_BUNDLE_IDENTIFIER = "com.goncharov-dva.LetsEat";
				PRODUCT_NAME = "$(TARGET_NAME)";
				PROVISIONING_PROFILE_SPECIFIER = "";
				SWIFT_ENFORCE_EXCLUSIVE_ACCESS = off;
				SWIFT_VERSION = 5.0;
				TARGETED_DEVICE_FAMILY = "1,2";
			};
			name = LocalServerDebug;
		};
		D71EB60223F929840001852D /* LocalServerDebug */ = {
			isa = XCBuildConfiguration;
			buildSettings = {
				CODE_SIGN_STYLE = Automatic;
				DEVELOPMENT_TEAM = 27Q4D7MK33;
				INFOPLIST_FILE = LetsEatContentExtension/Info.plist;
				LD_RUNPATH_SEARCH_PATHS = (
					"$(inherited)",
					"@executable_path/Frameworks",
					"@executable_path/../../Frameworks",
				);
				PRODUCT_BUNDLE_IDENTIFIER = "com.goncharov-dva.LetsEat.LetsEatContentExtension";
				PRODUCT_NAME = "$(TARGET_NAME)";
				SKIP_INSTALL = YES;
				SWIFT_VERSION = 5.0;
				TARGETED_DEVICE_FAMILY = "1,2";
			};
			name = LocalServerDebug;
		};
		D72A268B23B9218D00B82511 /* Debug */ = {
			isa = XCBuildConfiguration;
			buildSettings = {
				CODE_SIGN_STYLE = Automatic;
				DEVELOPMENT_TEAM = 27Q4D7MK33;
				INFOPLIST_FILE = LetsEatContentExtension/Info.plist;
				LD_RUNPATH_SEARCH_PATHS = (
					"$(inherited)",
					"@executable_path/Frameworks",
					"@executable_path/../../Frameworks",
				);
				PRODUCT_BUNDLE_IDENTIFIER = "com.goncharov-dva.LetsEat.LetsEatContentExtension";
				PRODUCT_NAME = "$(TARGET_NAME)";
				SKIP_INSTALL = YES;
				SWIFT_VERSION = 5.0;
				TARGETED_DEVICE_FAMILY = "1,2";
			};
			name = Debug;
		};
		D72A268C23B9218D00B82511 /* Release */ = {
			isa = XCBuildConfiguration;
			buildSettings = {
				CODE_SIGN_STYLE = Automatic;
				DEVELOPMENT_TEAM = 27Q4D7MK33;
				INFOPLIST_FILE = LetsEatContentExtension/Info.plist;
				LD_RUNPATH_SEARCH_PATHS = (
					"$(inherited)",
					"@executable_path/Frameworks",
					"@executable_path/../../Frameworks",
				);
				PRODUCT_BUNDLE_IDENTIFIER = "com.goncharov-dva.LetsEat.LetsEatContentExtension";
				PRODUCT_NAME = "$(TARGET_NAME)";
				SKIP_INSTALL = YES;
				SWIFT_VERSION = 5.0;
				TARGETED_DEVICE_FAMILY = "1,2";
			};
			name = Release;
		};
		D7E1D1D12393A41F009DF781 /* Debug */ = {
			isa = XCBuildConfiguration;
			buildSettings = {
				ALWAYS_SEARCH_USER_PATHS = NO;
				CLANG_ANALYZER_NONNULL = YES;
				CLANG_ANALYZER_NUMBER_OBJECT_CONVERSION = YES_AGGRESSIVE;
				CLANG_CXX_LANGUAGE_STANDARD = "gnu++14";
				CLANG_CXX_LIBRARY = "libc++";
				CLANG_ENABLE_MODULES = YES;
				CLANG_ENABLE_OBJC_ARC = YES;
				CLANG_ENABLE_OBJC_WEAK = YES;
				CLANG_WARN_BLOCK_CAPTURE_AUTORELEASING = YES;
				CLANG_WARN_BOOL_CONVERSION = YES;
				CLANG_WARN_COMMA = YES;
				CLANG_WARN_CONSTANT_CONVERSION = YES;
				CLANG_WARN_DEPRECATED_OBJC_IMPLEMENTATIONS = YES;
				CLANG_WARN_DIRECT_OBJC_ISA_USAGE = YES_ERROR;
				CLANG_WARN_DOCUMENTATION_COMMENTS = YES;
				CLANG_WARN_EMPTY_BODY = YES;
				CLANG_WARN_ENUM_CONVERSION = YES;
				CLANG_WARN_INFINITE_RECURSION = YES;
				CLANG_WARN_INT_CONVERSION = YES;
				CLANG_WARN_NON_LITERAL_NULL_CONVERSION = YES;
				CLANG_WARN_OBJC_IMPLICIT_RETAIN_SELF = YES;
				CLANG_WARN_OBJC_LITERAL_CONVERSION = YES;
				CLANG_WARN_OBJC_ROOT_CLASS = YES_ERROR;
				CLANG_WARN_RANGE_LOOP_ANALYSIS = YES;
				CLANG_WARN_STRICT_PROTOTYPES = YES;
				CLANG_WARN_SUSPICIOUS_MOVE = YES;
				CLANG_WARN_UNGUARDED_AVAILABILITY = YES_AGGRESSIVE;
				CLANG_WARN_UNREACHABLE_CODE = YES;
				CLANG_WARN__DUPLICATE_METHOD_MATCH = YES;
				CODE_SIGN_IDENTITY = "iPhone Developer";
				COPY_PHASE_STRIP = NO;
				DEBUG_INFORMATION_FORMAT = dwarf;
				ENABLE_STRICT_OBJC_MSGSEND = YES;
				ENABLE_TESTABILITY = YES;
				GCC_C_LANGUAGE_STANDARD = gnu11;
				GCC_DYNAMIC_NO_PIC = NO;
				GCC_NO_COMMON_BLOCKS = YES;
				GCC_OPTIMIZATION_LEVEL = 0;
				GCC_PREPROCESSOR_DEFINITIONS = (
					"DEBUG=1",
					"$(inherited)",
				);
				GCC_WARN_64_TO_32_BIT_CONVERSION = YES;
				GCC_WARN_ABOUT_RETURN_TYPE = YES_ERROR;
				GCC_WARN_UNDECLARED_SELECTOR = YES;
				GCC_WARN_UNINITIALIZED_AUTOS = YES_AGGRESSIVE;
				GCC_WARN_UNUSED_FUNCTION = YES;
				GCC_WARN_UNUSED_VARIABLE = YES;
				IPHONEOS_DEPLOYMENT_TARGET = 13.2;
				MTL_ENABLE_DEBUG_INFO = INCLUDE_SOURCE;
				MTL_FAST_MATH = YES;
				ONLY_ACTIVE_ARCH = YES;
				SDKROOT = iphoneos;
				SWIFT_ACTIVE_COMPILATION_CONDITIONS = DEBUG;
				SWIFT_OPTIMIZATION_LEVEL = "-Onone";
			};
			name = Debug;
		};
		D7E1D1D22393A41F009DF781 /* Release */ = {
			isa = XCBuildConfiguration;
			buildSettings = {
				ALWAYS_SEARCH_USER_PATHS = NO;
				CLANG_ANALYZER_NONNULL = YES;
				CLANG_ANALYZER_NUMBER_OBJECT_CONVERSION = YES_AGGRESSIVE;
				CLANG_CXX_LANGUAGE_STANDARD = "gnu++14";
				CLANG_CXX_LIBRARY = "libc++";
				CLANG_ENABLE_MODULES = YES;
				CLANG_ENABLE_OBJC_ARC = YES;
				CLANG_ENABLE_OBJC_WEAK = YES;
				CLANG_WARN_BLOCK_CAPTURE_AUTORELEASING = YES;
				CLANG_WARN_BOOL_CONVERSION = YES;
				CLANG_WARN_COMMA = YES;
				CLANG_WARN_CONSTANT_CONVERSION = YES;
				CLANG_WARN_DEPRECATED_OBJC_IMPLEMENTATIONS = YES;
				CLANG_WARN_DIRECT_OBJC_ISA_USAGE = YES_ERROR;
				CLANG_WARN_DOCUMENTATION_COMMENTS = YES;
				CLANG_WARN_EMPTY_BODY = YES;
				CLANG_WARN_ENUM_CONVERSION = YES;
				CLANG_WARN_INFINITE_RECURSION = YES;
				CLANG_WARN_INT_CONVERSION = YES;
				CLANG_WARN_NON_LITERAL_NULL_CONVERSION = YES;
				CLANG_WARN_OBJC_IMPLICIT_RETAIN_SELF = YES;
				CLANG_WARN_OBJC_LITERAL_CONVERSION = YES;
				CLANG_WARN_OBJC_ROOT_CLASS = YES_ERROR;
				CLANG_WARN_RANGE_LOOP_ANALYSIS = YES;
				CLANG_WARN_STRICT_PROTOTYPES = YES;
				CLANG_WARN_SUSPICIOUS_MOVE = YES;
				CLANG_WARN_UNGUARDED_AVAILABILITY = YES_AGGRESSIVE;
				CLANG_WARN_UNREACHABLE_CODE = YES;
				CLANG_WARN__DUPLICATE_METHOD_MATCH = YES;
				CODE_SIGN_IDENTITY = "iPhone Developer";
				COPY_PHASE_STRIP = NO;
				DEBUG_INFORMATION_FORMAT = "dwarf-with-dsym";
				ENABLE_NS_ASSERTIONS = NO;
				ENABLE_STRICT_OBJC_MSGSEND = YES;
				GCC_C_LANGUAGE_STANDARD = gnu11;
				GCC_NO_COMMON_BLOCKS = YES;
				GCC_WARN_64_TO_32_BIT_CONVERSION = YES;
				GCC_WARN_ABOUT_RETURN_TYPE = YES_ERROR;
				GCC_WARN_UNDECLARED_SELECTOR = YES;
				GCC_WARN_UNINITIALIZED_AUTOS = YES_AGGRESSIVE;
				GCC_WARN_UNUSED_FUNCTION = YES;
				GCC_WARN_UNUSED_VARIABLE = YES;
				IPHONEOS_DEPLOYMENT_TARGET = 13.2;
				MTL_ENABLE_DEBUG_INFO = NO;
				MTL_FAST_MATH = YES;
				SDKROOT = iphoneos;
				SWIFT_COMPILATION_MODE = wholemodule;
				SWIFT_OPTIMIZATION_LEVEL = "-O";
				VALIDATE_PRODUCT = YES;
			};
			name = Release;
		};
		D7E1D1D42393A41F009DF781 /* Debug */ = {
			isa = XCBuildConfiguration;
			buildSettings = {
				ALWAYS_EMBED_SWIFT_STANDARD_LIBRARIES = YES;
				ASSETCATALOG_COMPILER_APPICON_NAME = AppIcon;
				CODE_SIGN_IDENTITY = "Apple Development";
				CODE_SIGN_STYLE = Automatic;
				DEVELOPMENT_TEAM = 27Q4D7MK33;
				INFOPLIST_FILE = LetsEat/Info.plist;
				IPHONEOS_DEPLOYMENT_TARGET = 13.0;
				LD_RUNPATH_SEARCH_PATHS = (
					"$(inherited)",
					"@executable_path/Frameworks",
				);
				PRODUCT_BUNDLE_IDENTIFIER = "com.goncharov-dva.LetsEat";
				PRODUCT_NAME = "$(TARGET_NAME)";
				PROVISIONING_PROFILE_SPECIFIER = "";
				SWIFT_ENFORCE_EXCLUSIVE_ACCESS = off;
				SWIFT_VERSION = 5.0;
				TARGETED_DEVICE_FAMILY = "1,2";
			};
			name = Debug;
		};
		D7E1D1D52393A41F009DF781 /* Release */ = {
			isa = XCBuildConfiguration;
			buildSettings = {
				ALWAYS_EMBED_SWIFT_STANDARD_LIBRARIES = YES;
				ASSETCATALOG_COMPILER_APPICON_NAME = AppIcon;
				CODE_SIGN_IDENTITY = "Apple Development";
				CODE_SIGN_STYLE = Automatic;
				DEVELOPMENT_TEAM = 27Q4D7MK33;
				INFOPLIST_FILE = LetsEat/Info.plist;
				IPHONEOS_DEPLOYMENT_TARGET = 13.0;
				LD_RUNPATH_SEARCH_PATHS = (
					"$(inherited)",
					"@executable_path/Frameworks",
				);
				PRODUCT_BUNDLE_IDENTIFIER = "com.goncharov-dva.LetsEat";
				PRODUCT_NAME = "$(TARGET_NAME)";
				PROVISIONING_PROFILE_SPECIFIER = "";
				SWIFT_ENFORCE_EXCLUSIVE_ACCESS = off;
				SWIFT_VERSION = 5.0;
				TARGETED_DEVICE_FAMILY = "1,2";
			};
			name = Release;
		};
/* End XCBuildConfiguration section */

/* Begin XCConfigurationList section */
		D72A268A23B9218D00B82511 /* Build configuration list for PBXNativeTarget "LetsEatContentExtension" */ = {
			isa = XCConfigurationList;
			buildConfigurations = (
				D72A268B23B9218D00B82511 /* Debug */,
				D71EB60223F929840001852D /* LocalServerDebug */,
				D71EB5F823F877FB0001852D /* HerokuDebug */,
				D72A268C23B9218D00B82511 /* Release */,
			);
			defaultConfigurationIsVisible = 0;
			defaultConfigurationName = Release;
		};
		D7E1D1BC2393A41E009DF781 /* Build configuration list for PBXProject "LetsEat" */ = {
			isa = XCConfigurationList;
			buildConfigurations = (
				D7E1D1D12393A41F009DF781 /* Debug */,
				D71EB60023F929840001852D /* LocalServerDebug */,
				D71EB5F623F877FB0001852D /* HerokuDebug */,
				D7E1D1D22393A41F009DF781 /* Release */,
			);
			defaultConfigurationIsVisible = 0;
			defaultConfigurationName = Release;
		};
		D7E1D1D32393A41F009DF781 /* Build configuration list for PBXNativeTarget "LetsEat" */ = {
			isa = XCConfigurationList;
			buildConfigurations = (
				D7E1D1D42393A41F009DF781 /* Debug */,
				D71EB60123F929840001852D /* LocalServerDebug */,
				D71EB5F723F877FB0001852D /* HerokuDebug */,
				D7E1D1D52393A41F009DF781 /* Release */,
			);
			defaultConfigurationIsVisible = 0;
			defaultConfigurationName = Release;
		};
/* End XCConfigurationList section */

/* Begin XCVersionGroup section */
		D71EB61E240296CF0001852D /* LetsEatModel.xcdatamodeld */ = {
			isa = XCVersionGroup;
			children = (
				D71EB62C2402B6730001852D /* LetsEatModel.xcdatamodel */,
				D71EB61F240296CF0001852D /* Model.xcdatamodel */,
			);
			currentVersion = D71EB62C2402B6730001852D /* LetsEatModel.xcdatamodel */;
			path = LetsEatModel.xcdatamodeld;
			sourceTree = "<group>";
			versionGroupType = wrapper.xcdatamodel;
		};
/* End XCVersionGroup section */
	};
	rootObject = D7E1D1B92393A41E009DF781 /* Project object */;
}
